
Microsoft Visual Studio Solution File, Format Version 12.00
# Visual Studio Version 17
VisualStudioVersion = 17.2.32516.85
MinimumVisualStudioVersion = 10.0.40219.1
Project("{9A19103F-16F7-4668-BE54-9A1E7A4F7556}") = "Lab01_19521523", "Lab01_19521523.csproj", "{F738AF00-DE9F-4FA7-A316-936002E4A6DF}"
EndProject
Global
	GlobalSection(SolutionConfigurationPlatforms) = preSolution
		Debug|Any CPU = Debug|Any CPU
		Release|Any CPU = Release|Any CPU
	EndGlobalSection
	GlobalSection(ProjectConfigurationPlatforms) = postSolution
		{F738AF00-DE9F-4FA7-A316-936002E4A6DF}.Debug|Any CPU.ActiveCfg = Debug|Any CPU
		{F738AF00-DE9F-4FA7-A316-936002E4A6DF}.Debug|Any CPU.Build.0 = Debug|Any CPU
		{F738AF00-DE9F-4FA7-A316-936002E4A6DF}.Release|Any CPU.ActiveCfg = Release|Any CPU
		{F738AF00-DE9F-4FA7-A316-936002E4A6DF}.Release|Any CPU.Build.0 = Release|Any CPU
	EndGlobalSection
	GlobalSection(SolutionProperties) = preSolution
		HideSolutionNode = FALSE
	EndGlobalSection
	GlobalSection(ExtensibilityGlobals) = postSolution
		SolutionGuid = {18234126-1EAD-4ABC-AEB2-014E1E1B27D3}
	EndGlobalSection
EndGlobal
